{
  "name": "daily-build",
  "lockfileVersion": 2,
  "requires": true,
  "packages": {
    "": {
      "dependencies": {
        "monaco-vim": "^0.2.0"
      }
    },
    "node_modules/monaco-editor": {
      "version": "0.32.1",
      "resolved": "https://registry.npmjs.org/monaco-editor/-/monaco-editor-0.32.1.tgz",
      "integrity": "sha512-LUt2wsUvQmEi2tfTOK+tjAPvt7eQ+K5C4rZPr6SeuyzjAuAHrIvlUloTcOiGjZW3fn3a/jFQCONrEJbNOaCqbA==",
      "peer": true
    },
    "node_modules/monaco-vim": {
      "version": "0.2.0",
      "resolved": "https://registry.npmjs.org/monaco-vim/-/monaco-vim-0.2.0.tgz",
      "integrity": "sha512-P+gXmZzjXYWlPROS55ZGgikG73xdgfVH75uQKbQW2MbTg6Qa33WHDDzrIevQg2mgXWJOBdGEL/CNTwH4DAc/0A==",
      "peerDependencies": {
        "monaco-editor": "^0.32.0"
      }
    }
  },
  "dependencies": {
    "monaco-editor": {
      "version": "0.32.1",
      "resolved": "https://registry.npmjs.org/monaco-editor/-/monaco-editor-0.32.1.tgz",
      "integrity": "sha512-LUt2wsUvQmEi2tfTOK+tjAPvt7eQ+K5C4rZPr6SeuyzjAuAHrIvlUloTcOiGjZW3fn3a/jFQCONrEJbNOaCqbA==",
      "peer": true
    },
    "monaco-vim": {
      "version": "0.2.0",
      "resolved": "https://registry.npmjs.org/monaco-vim/-/monaco-vim-0.2.0.tgz",
      "integrity": "sha512-P+gXmZzjXYWlPROS55ZGgikG73xdgfVH75uQKbQW2MbTg6Qa33WHDDzrIevQg2mgXWJOBdGEL/CNTwH4DAc/0A==",
      "requires": {}
    }
  }
}
